{
  "name": "astn-tokenizer-lib",
  "version": "0.1.8",
  "lockfileVersion": 2,
  "requires": true,
  "packages": {
    "": {
      "name": "astn-tokenizer-lib",
      "version": "0.1.8",
      "license": "ISC",
      "dependencies": {
        "astn-tokenconsumer-api": "^0.3.4",
        "astn-tokenizer-api": "^0.1.0",
        "pareto-lang-lib": "^0.7.0",
        "pareto-runtime": "^0.23.0"
      }
    },
    "node_modules/astn-tokenconsumer-api": {
      "version": "0.3.4",
      "resolved": "https://registry.npmjs.org/astn-tokenconsumer-api/-/astn-tokenconsumer-api-0.3.4.tgz",
      "integrity": "sha512-KsmXBkvCGSOV6e3qlACuWut4336jcDVnQT7eVEp6rdfCPQXA8gzt9DSsmSj5sLlPmIXxvdfUbCrD6r6CThrn5A=="
    },
    "node_modules/astn-tokenizer-api": {
      "version": "0.1.0",
      "resolved": "https://registry.npmjs.org/astn-tokenizer-api/-/astn-tokenizer-api-0.1.0.tgz",
      "integrity": "sha512-kJHwUefBRwjWY7v4uETb78f1TqnTXT9tB68/DPW5A+Dc3FZW60u/gkgXodbg5CKq0Xtj1F6QCNkqZCJcwOirrg=="
    },
    "node_modules/pareto-lang-api": {
      "version": "0.5.1",
      "resolved": "https://registry.npmjs.org/pareto-lang-api/-/pareto-lang-api-0.5.1.tgz",
      "integrity": "sha512-rJ1Gm9sdQ4vjOzmmINVUHxtFTQy5kQaEuw3k0wH4oJgwccVcw7VwHqHlIK1i/ocB9LRCRm1DgRu7K7td0W37fw=="
    },
    "node_modules/pareto-lang-lib": {
      "version": "0.7.0",
      "resolved": "https://registry.npmjs.org/pareto-lang-lib/-/pareto-lang-lib-0.7.0.tgz",
      "integrity": "sha512-SobORsQLqGZ4nL7hQwHgv7V3zKjZGij1CKrwASKKJl7KkMLx9054T/aRLktt8JjiNP2fQWPvggZQN7YOa5a0lQ==",
      "dependencies": {
        "pareto-lang-api": "^0.5.0"
      }
    },
    "node_modules/pareto-runtime": {
      "version": "0.23.0",
      "resolved": "https://registry.npmjs.org/pareto-runtime/-/pareto-runtime-0.23.0.tgz",
      "integrity": "sha512-Vwv2hx5HhzKzy9kFBEc8D0hoVhsIT20LE1azCYKVnLhUA6NqDP6HvqdzWBxx1RgeedG9CDzb3wgBlCS1GMq5gw=="
    }
  },
  "dependencies": {
    "astn-tokenconsumer-api": {
      "version": "0.3.4",
      "resolved": "https://registry.npmjs.org/astn-tokenconsumer-api/-/astn-tokenconsumer-api-0.3.4.tgz",
      "integrity": "sha512-KsmXBkvCGSOV6e3qlACuWut4336jcDVnQT7eVEp6rdfCPQXA8gzt9DSsmSj5sLlPmIXxvdfUbCrD6r6CThrn5A=="
    },
    "astn-tokenizer-api": {
      "version": "0.1.0",
      "resolved": "https://registry.npmjs.org/astn-tokenizer-api/-/astn-tokenizer-api-0.1.0.tgz",
      "integrity": "sha512-kJHwUefBRwjWY7v4uETb78f1TqnTXT9tB68/DPW5A+Dc3FZW60u/gkgXodbg5CKq0Xtj1F6QCNkqZCJcwOirrg=="
    },
    "pareto-lang-api": {
      "version": "0.5.1",
      "resolved": "https://registry.npmjs.org/pareto-lang-api/-/pareto-lang-api-0.5.1.tgz",
      "integrity": "sha512-rJ1Gm9sdQ4vjOzmmINVUHxtFTQy5kQaEuw3k0wH4oJgwccVcw7VwHqHlIK1i/ocB9LRCRm1DgRu7K7td0W37fw=="
    },
    "pareto-lang-lib": {
      "version": "0.7.0",
      "resolved": "https://registry.npmjs.org/pareto-lang-lib/-/pareto-lang-lib-0.7.0.tgz",
      "integrity": "sha512-SobORsQLqGZ4nL7hQwHgv7V3zKjZGij1CKrwASKKJl7KkMLx9054T/aRLktt8JjiNP2fQWPvggZQN7YOa5a0lQ==",
      "requires": {
        "pareto-lang-api": "^0.5.0"
      }
    },
    "pareto-runtime": {
      "version": "0.23.0",
      "resolved": "https://registry.npmjs.org/pareto-runtime/-/pareto-runtime-0.23.0.tgz",
      "integrity": "sha512-Vwv2hx5HhzKzy9kFBEc8D0hoVhsIT20LE1azCYKVnLhUA6NqDP6HvqdzWBxx1RgeedG9CDzb3wgBlCS1GMq5gw=="
    }
  }
}
